
Microsoft Visual Studio Solution File, Format Version 12.00
# Visual Studio 15
VisualStudioVersion = 15.0.28307.421
MinimumVisualStudioVersion = 10.0.40219.1
Project("{FAE04EC0-301F-11D3-BF4B-00C04F79EFBC}") = "TestCI", "TestCI\TestCI.csproj", "{7B72BFE9-FD3B-41B9-BAA6-016AD36EFD50}"
EndProject
Global
	GlobalSection(SolutionConfigurationPlatforms) = preSolution
		Debug|Any CPU = Debug|Any CPU
		Release|Any CPU = Release|Any CPU
	EndGlobalSection
	GlobalSection(ProjectConfigurationPlatforms) = postSolution
		{7B72BFE9-FD3B-41B9-BAA6-016AD36EFD50}.Debug|Any CPU.ActiveCfg = Debug|Any CPU
		{7B72BFE9-FD3B-41B9-BAA6-016AD36EFD50}.Debug|Any CPU.Build.0 = Debug|Any CPU
		{7B72BFE9-FD3B-41B9-BAA6-016AD36EFD50}.Release|Any CPU.ActiveCfg = Release|Any CPU
		{7B72BFE9-FD3B-41B9-BAA6-016AD36EFD50}.Release|Any CPU.Build.0 = Release|Any CPU
	EndGlobalSection
	GlobalSection(SolutionProperties) = preSolution
		HideSolutionNode = FALSE
	EndGlobalSection
	GlobalSection(ExtensibilityGlobals) = postSolution
		SolutionGuid = {ECF3ED9C-9CBD-4F42-B151-BA3B4C044232}
	EndGlobalSection
EndGlobal
